
Microsoft Visual Studio Solution File, Format Version 12.00
# Visual Studio 2013
VisualStudioVersion = 12.0.31101.0
MinimumVisualStudioVersion = 10.0.40219.1
Project("{FAE04EC0-301F-11D3-BF4B-00C04F79EFBC}") = "AppInsightsWebApi", "AppInsightsWebApi\AppInsightsWebApi.csproj", "{2C644D45-AE29-4AC6-9B18-EC65EE7F1FF8}"
EndProject
Project("{FAE04EC0-301F-11D3-BF4B-00C04F79EFBC}") = "AppInsightsWebApi.Tests", "AppInsightsWebApi.Tests\AppInsightsWebApi.Tests.csproj", "{0A634650-CE1E-46B2-B8D2-1FBA1C4CFF74}"
EndProject
Project("{2150E333-8FDC-42A3-9474-1A3956D46DE8}") = "PublishScripts", "PublishScripts", "{6C1524C8-F395-4934-BC96-0806A3BCFF2B}"
	ProjectSection(SolutionItems) = preProject
		PublishScripts\AzureWebsitePublishModule.psm1 = PublishScripts\AzureWebsitePublishModule.psm1
		PublishScripts\Publish-WebApplicationWebsite.ps1 = PublishScripts\Publish-WebApplicationWebsite.ps1
	EndProjectSection
EndProject
Project("{2150E333-8FDC-42A3-9474-1A3956D46DE8}") = "Configurations", "Configurations", "{5C5CBF46-F074-411F-8C3A-F12728B694A3}"
	ProjectSection(SolutionItems) = preProject
		PublishScripts\Configurations\AppInsightsWebApi-WAWS-dev.json = PublishScripts\Configurations\AppInsightsWebApi-WAWS-dev.json
	EndProjectSection
EndProject
Project("{2150E333-8FDC-42A3-9474-1A3956D46DE8}") = ".nuget", ".nuget", "{784C4730-F488-4FE6-B55F-6019F1209FA2}"
	ProjectSection(SolutionItems) = preProject
		.nuget\packages.config = .nuget\packages.config
	EndProjectSection
EndProject
Global
	GlobalSection(SolutionConfigurationPlatforms) = preSolution
		Debug|Any CPU = Debug|Any CPU
		Release|Any CPU = Release|Any CPU
	EndGlobalSection
	GlobalSection(ProjectConfigurationPlatforms) = postSolution
		{2C644D45-AE29-4AC6-9B18-EC65EE7F1FF8}.Debug|Any CPU.ActiveCfg = Debug|Any CPU
		{2C644D45-AE29-4AC6-9B18-EC65EE7F1FF8}.Debug|Any CPU.Build.0 = Debug|Any CPU
		{2C644D45-AE29-4AC6-9B18-EC65EE7F1FF8}.Release|Any CPU.ActiveCfg = Release|Any CPU
		{2C644D45-AE29-4AC6-9B18-EC65EE7F1FF8}.Release|Any CPU.Build.0 = Release|Any CPU
		{0A634650-CE1E-46B2-B8D2-1FBA1C4CFF74}.Debug|Any CPU.ActiveCfg = Debug|Any CPU
		{0A634650-CE1E-46B2-B8D2-1FBA1C4CFF74}.Debug|Any CPU.Build.0 = Debug|Any CPU
		{0A634650-CE1E-46B2-B8D2-1FBA1C4CFF74}.Release|Any CPU.ActiveCfg = Release|Any CPU
		{0A634650-CE1E-46B2-B8D2-1FBA1C4CFF74}.Release|Any CPU.Build.0 = Release|Any CPU
	EndGlobalSection
	GlobalSection(SolutionProperties) = preSolution
		HideSolutionNode = FALSE
	EndGlobalSection
	GlobalSection(NestedProjects) = preSolution
		{5C5CBF46-F074-411F-8C3A-F12728B694A3} = {6C1524C8-F395-4934-BC96-0806A3BCFF2B}
	EndGlobalSection
EndGlobal
